{
    "_readme": [
        "This file locks the dependencies of your project to a known state",
        "Read more about it at https://getcomposer.org/doc/01-basic-usage.md#composer-lock-the-lock-file",
        "This file is @generated automatically"
    ],
    "hash": "bd980ac0c1fdacba4620074b34a5905b",
    "content-hash": "60be1f48ddc6fd39fb4bfe4be02633af",
    "packages": [
        {
            "name": "rilwis/meta-box",
            "version": "4.13.2",
            "source": {
                "type": "git",
                "url": "https://github.com/wpmetabox/meta-box.git",
                "reference": "d027102b547d3622f6a109c5c15c71f3a35a17b7"
            },
            "dist": {
                "type": "zip",
                "url": "https://api.github.com/repos/wpmetabox/meta-box/zipball/d027102b547d3622f6a109c5c15c71f3a35a17b7",
                "reference": "d027102b547d3622f6a109c5c15c71f3a35a17b7",
                "shasum": ""
            },
            "type": "library",
            "autoload": {
                "files": [
                    "meta-box.php"
                ]
            },
            "notification-url": "https://packagist.org/downloads/",
            "license": [
                "GPL-2.0"
            ],
            "authors": [
                {
                    "name": "Tran Ngoc Tuan Anh",
                    "email": "rilwis@gmail.com",
                    "homepage": "https://deluxeblogtips.com",
                    "role": "Developer"
                }
            ],
            "description": "A powerful, professional developer toolkit to create custom meta boxes and custom fields for WordPress websites.",
            "homepage": "https://metabox.io",
            "keywords": [
                "custom-field",
                "meta-box",
                "select2",
                "ui",
                "wordpress",
                "wordpress-plugin",
                "wp-admin"
            ],
            "time": "2018-01-31 04:35:27"
        }
    ],
    "packages-dev": [],
    "aliases": [],
    "minimum-stability": "stable",
    "stability-flags": [],
    "prefer-stable": false,
    "prefer-lowest": false,
    "platform": [],
    "platform-dev": []
}
